
Microsoft Visual Studio Solution File, Format Version 12.00
# Visual Studio Version 16
VisualStudioVersion = 16.0.30204.135
MinimumVisualStudioVersion = 10.0.40219.1
Project("{9A19103F-16F7-4668-BE54-9A1E7A4F7556}") = "Application", "Application\Application.csproj", "{05B165CF-335E-42D8-9013-8F764F25E08C}"
EndProject
Project("{9A19103F-16F7-4668-BE54-9A1E7A4F7556}") = "Domain", "Domain\Domain.csproj", "{45013E9B-2C0C-4E33-BCF1-45A3086ABF6E}"
EndProject
Project("{9A19103F-16F7-4668-BE54-9A1E7A4F7556}") = "Infrastructure", "Infrastructure\Infrastructure.csproj", "{7E49D9EB-FD1C-45B4-A9F4-2268BDF123FF}"
EndProject
Project("{2150E333-8FDC-42A3-9474-1A3956D46DE8}") = "Solution Items", "Solution Items", "{E715629D-6223-45B9-9C70-56A241CBE188}"
	ProjectSection(SolutionItems) = preProject
		.editorconfig = .editorconfig
	EndProjectSection
EndProject
Project("{2150E333-8FDC-42A3-9474-1A3956D46DE8}") = "Test", "Test", "{B566B45B-D646-408B-AC1F-4D2F7925DFEF}"
EndProject
Project("{9A19103F-16F7-4668-BE54-9A1E7A4F7556}") = "UnitTest", "UnitTest\UnitTest.csproj", "{32B8E907-E5C1-46A0-A3C3-299114AD6B8B}"
EndProject
Project("{9A19103F-16F7-4668-BE54-9A1E7A4F7556}") = "ComponentTests", "ComponentTests\ComponentTests.csproj", "{00DDCE94-6475-45EA-9412-63C64B97445F}"
EndProject
Project("{9A19103F-16F7-4668-BE54-9A1E7A4F7556}") = "IntegrationTests", "IntegrationTests\IntegrationTests.csproj", "{557CDA8D-645B-405A-8EC9-B02FFC59A6F1}"
EndProject
Project("{2150E333-8FDC-42A3-9474-1A3956D46DE8}") = "Api", "Api", "{63A9F6AA-B612-40A1-BFEE-C6F3C85C89BE}"
EndProject
Project("{9A19103F-16F7-4668-BE54-9A1E7A4F7556}") = "WebApi", "WebApi\WebApi.csproj", "{0B762BFE-2047-4A5E-A5B4-095260629FEB}"
EndProject
Project("{E24C65DC-7377-472B-9ABA-BC803B73C61A}") = "zellar-spa", "zellar-spa\", "{77C7FFB7-3F82-4005-9C14-2F9E919AC832}"
	ProjectSection(WebsiteProperties) = preProject
		TargetFrameworkMoniker = ".NETFramework,Version%3Dv4.0"
		Debug.AspNetCompiler.VirtualPath = "/localhost_53305"
		Debug.AspNetCompiler.PhysicalPath = "zellar-spa\"
		Debug.AspNetCompiler.TargetPath = "PrecompiledWeb\localhost_53305\"
		Debug.AspNetCompiler.Updateable = "true"
		Debug.AspNetCompiler.ForceOverwrite = "true"
		Debug.AspNetCompiler.FixedNames = "false"
		Debug.AspNetCompiler.Debug = "True"
		Release.AspNetCompiler.VirtualPath = "/localhost_53305"
		Release.AspNetCompiler.PhysicalPath = "zellar-spa\"
		Release.AspNetCompiler.TargetPath = "PrecompiledWeb\localhost_53305\"
		Release.AspNetCompiler.Updateable = "true"
		Release.AspNetCompiler.ForceOverwrite = "true"
		Release.AspNetCompiler.FixedNames = "false"
		Release.AspNetCompiler.Debug = "False"
		VWDPort = "53305"
		SlnRelativePath = "zellar-spa\"
	EndProjectSection
EndProject
Global
	GlobalSection(SolutionConfigurationPlatforms) = preSolution
		Debug|Any CPU = Debug|Any CPU
		Release|Any CPU = Release|Any CPU
	EndGlobalSection
	GlobalSection(ProjectConfigurationPlatforms) = postSolution
		{05B165CF-335E-42D8-9013-8F764F25E08C}.Debug|Any CPU.ActiveCfg = Debug|Any CPU
		{05B165CF-335E-42D8-9013-8F764F25E08C}.Debug|Any CPU.Build.0 = Debug|Any CPU
		{05B165CF-335E-42D8-9013-8F764F25E08C}.Release|Any CPU.ActiveCfg = Release|Any CPU
		{05B165CF-335E-42D8-9013-8F764F25E08C}.Release|Any CPU.Build.0 = Release|Any CPU
		{45013E9B-2C0C-4E33-BCF1-45A3086ABF6E}.Debug|Any CPU.ActiveCfg = Debug|Any CPU
		{45013E9B-2C0C-4E33-BCF1-45A3086ABF6E}.Debug|Any CPU.Build.0 = Debug|Any CPU
		{45013E9B-2C0C-4E33-BCF1-45A3086ABF6E}.Release|Any CPU.ActiveCfg = Release|Any CPU
		{45013E9B-2C0C-4E33-BCF1-45A3086ABF6E}.Release|Any CPU.Build.0 = Release|Any CPU
		{7E49D9EB-FD1C-45B4-A9F4-2268BDF123FF}.Debug|Any CPU.ActiveCfg = Debug|Any CPU
		{7E49D9EB-FD1C-45B4-A9F4-2268BDF123FF}.Debug|Any CPU.Build.0 = Debug|Any CPU
		{7E49D9EB-FD1C-45B4-A9F4-2268BDF123FF}.Release|Any CPU.ActiveCfg = Release|Any CPU
		{7E49D9EB-FD1C-45B4-A9F4-2268BDF123FF}.Release|Any CPU.Build.0 = Release|Any CPU
		{32B8E907-E5C1-46A0-A3C3-299114AD6B8B}.Debug|Any CPU.ActiveCfg = Debug|Any CPU
		{32B8E907-E5C1-46A0-A3C3-299114AD6B8B}.Debug|Any CPU.Build.0 = Debug|Any CPU
		{32B8E907-E5C1-46A0-A3C3-299114AD6B8B}.Release|Any CPU.ActiveCfg = Release|Any CPU
		{32B8E907-E5C1-46A0-A3C3-299114AD6B8B}.Release|Any CPU.Build.0 = Release|Any CPU
		{00DDCE94-6475-45EA-9412-63C64B97445F}.Debug|Any CPU.ActiveCfg = Debug|Any CPU
		{00DDCE94-6475-45EA-9412-63C64B97445F}.Debug|Any CPU.Build.0 = Debug|Any CPU
		{00DDCE94-6475-45EA-9412-63C64B97445F}.Release|Any CPU.ActiveCfg = Release|Any CPU
		{00DDCE94-6475-45EA-9412-63C64B97445F}.Release|Any CPU.Build.0 = Release|Any CPU
		{557CDA8D-645B-405A-8EC9-B02FFC59A6F1}.Debug|Any CPU.ActiveCfg = Debug|Any CPU
		{557CDA8D-645B-405A-8EC9-B02FFC59A6F1}.Debug|Any CPU.Build.0 = Debug|Any CPU
		{557CDA8D-645B-405A-8EC9-B02FFC59A6F1}.Release|Any CPU.ActiveCfg = Release|Any CPU
		{557CDA8D-645B-405A-8EC9-B02FFC59A6F1}.Release|Any CPU.Build.0 = Release|Any CPU
		{0B762BFE-2047-4A5E-A5B4-095260629FEB}.Debug|Any CPU.ActiveCfg = Debug|Any CPU
		{0B762BFE-2047-4A5E-A5B4-095260629FEB}.Debug|Any CPU.Build.0 = Debug|Any CPU
		{0B762BFE-2047-4A5E-A5B4-095260629FEB}.Release|Any CPU.ActiveCfg = Release|Any CPU
		{0B762BFE-2047-4A5E-A5B4-095260629FEB}.Release|Any CPU.Build.0 = Release|Any CPU
		{77C7FFB7-3F82-4005-9C14-2F9E919AC832}.Debug|Any CPU.ActiveCfg = Debug|Any CPU
		{77C7FFB7-3F82-4005-9C14-2F9E919AC832}.Debug|Any CPU.Build.0 = Debug|Any CPU
		{77C7FFB7-3F82-4005-9C14-2F9E919AC832}.Release|Any CPU.ActiveCfg = Debug|Any CPU
		{77C7FFB7-3F82-4005-9C14-2F9E919AC832}.Release|Any CPU.Build.0 = Debug|Any CPU
	EndGlobalSection
	GlobalSection(SolutionProperties) = preSolution
		HideSolutionNode = FALSE
	EndGlobalSection
	GlobalSection(NestedProjects) = preSolution
		{05B165CF-335E-42D8-9013-8F764F25E08C} = {63A9F6AA-B612-40A1-BFEE-C6F3C85C89BE}
		{45013E9B-2C0C-4E33-BCF1-45A3086ABF6E} = {63A9F6AA-B612-40A1-BFEE-C6F3C85C89BE}
		{7E49D9EB-FD1C-45B4-A9F4-2268BDF123FF} = {63A9F6AA-B612-40A1-BFEE-C6F3C85C89BE}
		{32B8E907-E5C1-46A0-A3C3-299114AD6B8B} = {B566B45B-D646-408B-AC1F-4D2F7925DFEF}
		{00DDCE94-6475-45EA-9412-63C64B97445F} = {B566B45B-D646-408B-AC1F-4D2F7925DFEF}
		{557CDA8D-645B-405A-8EC9-B02FFC59A6F1} = {B566B45B-D646-408B-AC1F-4D2F7925DFEF}
	EndGlobalSection
	GlobalSection(ExtensibilityGlobals) = postSolution
		SolutionGuid = {924A5386-F6ED-49AD-BD17-8AE1172C346C}
	EndGlobalSection
EndGlobal
